
Microsoft Visual Studio Solution File, Format Version 12.00
# Visual Studio Version 16
VisualStudioVersion = 16.0.30907.101
MinimumVisualStudioVersion = 10.0.40219.1
Project("{9A19103F-16F7-4668-BE54-9A1E7A4F7556}") = "ADProject", "ADProject\ADProject.csproj", "{5F4E026B-B685-44F4-96C4-C452B9FE6CA8}"
EndProject
Global
	GlobalSection(SolutionConfigurationPlatforms) = preSolution
		Debug|Any CPU = Debug|Any CPU
		Release|Any CPU = Release|Any CPU
	EndGlobalSection
	GlobalSection(ProjectConfigurationPlatforms) = postSolution
		{5F4E026B-B685-44F4-96C4-C452B9FE6CA8}.Debug|Any CPU.ActiveCfg = Debug|Any CPU
		{5F4E026B-B685-44F4-96C4-C452B9FE6CA8}.Debug|Any CPU.Build.0 = Debug|Any CPU
		{5F4E026B-B685-44F4-96C4-C452B9FE6CA8}.Release|Any CPU.ActiveCfg = Release|Any CPU
		{5F4E026B-B685-44F4-96C4-C452B9FE6CA8}.Release|Any CPU.Build.0 = Release|Any CPU
	EndGlobalSection
	GlobalSection(SolutionProperties) = preSolution
		HideSolutionNode = FALSE
	EndGlobalSection
	GlobalSection(ExtensibilityGlobals) = postSolution
		SolutionGuid = {E5357D2C-AF9E-4B1B-9948-D31ABA7BF822}
	EndGlobalSection
EndGlobal
